
Microsoft Visual Studio Solution File, Format Version 11.00
# Visual Studio 2010
Project("{FAE04EC0-301F-11D3-BF4B-00C04F79EFBC}") = "csTracker2", "csTracker2\csTracker2.csproj", "{0A8CDF45-53FE-45A1-95D9-7CD48D68130D}"
EndProject
Global
	GlobalSection(SolutionConfigurationPlatforms) = preSolution
		Debug|x64 = Debug|x64
		Debug|x86 = Debug|x86
		Release|x64 = Release|x64
		Release|x86 = Release|x86
	EndGlobalSection
	GlobalSection(ProjectConfigurationPlatforms) = postSolution
		{0A8CDF45-53FE-45A1-95D9-7CD48D68130D}.Debug|x64.ActiveCfg = Debug|x64
		{0A8CDF45-53FE-45A1-95D9-7CD48D68130D}.Debug|x64.Build.0 = Debug|x64
		{0A8CDF45-53FE-45A1-95D9-7CD48D68130D}.Debug|x86.ActiveCfg = Debug|x86
		{0A8CDF45-53FE-45A1-95D9-7CD48D68130D}.Debug|x86.Build.0 = Debug|x86
		{0A8CDF45-53FE-45A1-95D9-7CD48D68130D}.Release|x64.ActiveCfg = Release|x64
		{0A8CDF45-53FE-45A1-95D9-7CD48D68130D}.Release|x64.Build.0 = Release|x64
		{0A8CDF45-53FE-45A1-95D9-7CD48D68130D}.Release|x86.ActiveCfg = Release|x86
		{0A8CDF45-53FE-45A1-95D9-7CD48D68130D}.Release|x86.Build.0 = Release|x86
	EndGlobalSection
	GlobalSection(SolutionProperties) = preSolution
		HideSolutionNode = FALSE
	EndGlobalSection
EndGlobal
